// !$*UTF8*$!
{
	archiveVersion = 1;
	classes = {
	};
	objectVersion = 46;
	objects = {

/* Begin PBXBuildFile section */
		D54385231F0E8011003F8AB4 /* AppDelegate.swift in Sources */ = {isa = PBXBuildFile; fileRef = D54385221F0E8011003F8AB4 /* AppDelegate.swift */; };
		D54385251F0E8011003F8AB4 /* ViewController.swift in Sources */ = {isa = PBXBuildFile; fileRef = D54385241F0E8011003F8AB4 /* ViewController.swift */; };
		D54385281F0E8011003F8AB4 /* Main.storyboard in Resources */ = {isa = PBXBuildFile; fileRef = D54385261F0E8011003F8AB4 /* Main.storyboard */; };
		D543852A1F0E8011003F8AB4 /* Assets.xcassets in Resources */ = {isa = PBXBuildFile; fileRef = D54385291F0E8011003F8AB4 /* Assets.xcassets */; };
		D543852D1F0E8011003F8AB4 /* LaunchScreen.storyboard in Resources */ = {isa = PBXBuildFile; fileRef = D543852B1F0E8011003F8AB4 /* LaunchScreen.storyboard */; };
/* End PBXBuildFile section */

/* Begin PBXFileReference section */
		D543851F1F0E8011003F8AB4 /* Location Feeder.app */ = {isa = PBXFileReference; explicitFileType = wrapper.application; includeInIndex = 0; path = "Location Feeder.app"; sourceTree = BUILT_PRODUCTS_DIR; };
		D54385221F0E8011003F8AB4 /* AppDelegate.swift */ = {isa = PBXFileReference; lastKnownFileType = sourcecode.swift; path = AppDelegate.swift; sourceTree = "<group>"; };
		D54385241F0E8011003F8AB4 /* ViewController.swift */ = {isa = PBXFileReference; lastKnownFileType = sourcecode.swift; path = ViewController.swift; sourceTree = "<group>"; };
		D54385271F0E8011003F8AB4 /* Base */ = {isa = PBXFileReference; lastKnownFileType = file.storyboard; name = Base; path = Base.lproj/Main.storyboard; sourceTree = "<group>"; };
		D54385291F0E8011003F8AB4 /* Assets.xcassets */ = {isa = PBXFileReference; lastKnownFileType = folder.assetcatalog; path = Assets.xcassets; sourceTree = "<group>"; };
		D543852C1F0E8011003F8AB4 /* Base */ = {isa = PBXFileReference; lastKnownFileType = file.storyboard; name = Base; path = Base.lproj/LaunchScreen.storyboard; sourceTree = "<group>"; };
		D543852E1F0E8011003F8AB4 /* Info.plist */ = {isa = PBXFileReference; lastKnownFileType = text.plist.xml; path = Info.plist; sourceTree = "<group>"; };
/* End PBXFileReference section */

/* Begin PBXFrameworksBuildPhase section */
		D543851C1F0E8011003F8AB4 /* Frameworks */ = {
			isa = PBXFrameworksBuildPhase;
			buildActionMask = 2147483647;
			files = (
			);
			runOnlyForDeploymentPostprocessing = 0;
		};
/* End PBXFrameworksBuildPhase section */

/* Begin PBXGroup section */
		D54385161F0E8011003F8AB4 = {
			isa = PBXGroup;
			children = (
				D54385211F0E8011003F8AB4 /* Location Feeder */,
				D54385201F0E8011003F8AB4 /* Products */,
			);
			sourceTree = "<group>";
		};
		D54385201F0E8011003F8AB4 /* Products */ = {
			isa = PBXGroup;
			children = (
				D543851F1F0E8011003F8AB4 /* Location Feeder.app */,
			);
			name = Products;
			sourceTree = "<group>";
		};
		D54385211F0E8011003F8AB4 /* Location Feeder */ = {
			isa = PBXGroup;
			children = (
				D54385221F0E8011003F8AB4 /* AppDelegate.swift */,
				D54385241F0E8011003F8AB4 /* ViewController.swift */,
				D54385261F0E8011003F8AB4 /* Main.storyboard */,
				D54385291F0E8011003F8AB4 /* Assets.xcassets */,
				D543852B1F0E8011003F8AB4 /* LaunchScreen.storyboard */,
				D543852E1F0E8011003F8AB4 /* Info.plist */,
			);
			path = "Location Feeder";
			sourceTree = "<group>";
		};
/* End PBXGroup section */

/* Begin PBXNativeTarget section */
		D543851E1F0E8011003F8AB4 /* Location Feeder */ = {
			isa = PBXNativeTarget;
			buildConfigurationList = D54385311F0E8011003F8AB4 /* Build configuration list for PBXNativeTarget "Location Feeder" */;
			buildPhases = (
				D543851B1F0E8011003F8AB4 /* Sources */,
				D543851C1F0E8011003F8AB4 /* Frameworks */,
				D543851D1F0E8011003F8AB4 /* Resources */,
			);
			buildRules = (
			);
			dependencies = (
			);
			name = "Location Feeder";
			productName = "Location Feeder";
			productReference = D543851F1F0E8011003F8AB4 /* Location Feeder.app */;
			productType = "com.apple.product-type.application";
		};
/* End PBXNativeTarget section */

/* Begin PBXProject section */
		D54385171F0E8011003F8AB4 /* Project object */ = {
			isa = PBXProject;
			attributes = {
				LastSwiftUpdateCheck = 0830;
				LastUpgradeCheck = 0830;
				ORGANIZATIONNAME = "Vanguard Logic LLC";
				TargetAttributes = {
					D543851E1F0E8011003F8AB4 = {
						CreatedOnToolsVersion = 8.3.3;
						DevelopmentTeam = FM9FX3E9L3;
						ProvisioningStyle = Automatic;
					};
				};
			};
			buildConfigurationList = D543851A1F0E8011003F8AB4 /* Build configuration list for PBXProject "Location Feeder" */;
			compatibilityVersion = "Xcode 3.2";
			developmentRegion = English;
			hasScannedForEncodings = 0;
			knownRegions = (
				en,
				Base,
			);
			mainGroup = D54385161F0E8011003F8AB4;
			productRefGroup = D54385201F0E8011003F8AB4 /* Products */;
			projectDirPath = "";
			projectRoot = "";
			targets = (
				D543851E1F0E8011003F8AB4 /* Location Feeder */,
			);
		};
/* End PBXProject section */

/* Begin PBXResourcesBuildPhase section */
		D543851D1F0E8011003F8AB4 /* Resources */ = {
			isa = PBXResourcesBuildPhase;
			buildActionMask = 2147483647;
			files = (
				D543852D1F0E8011003F8AB4 /* LaunchScreen.storyboard in Resources */,
				D543852A1F0E8011003F8AB4 /* Assets.xcassets in Resources */,
				D54385281F0E8011003F8AB4 /* Main.storyboard in Resources */,
			);
			runOnlyForDeploymentPostprocessing = 0;
		};
/* End PBXResourcesBuildPhase section */

/* Begin PBXSourcesBuildPhase section */
		D543851B1F0E8011003F8AB4 /* Sources */ = {
			isa = PBXSourcesBuildPhase;
			buildActionMask = 2147483647;
			files = (
				D54385251F0E8011003F8AB4 /* ViewController.swift in Sources */,
				D54385231F0E8011003F8AB4 /* AppDelegate.swift in Sources */,
			);
			runOnlyForDeploymentPostprocessing = 0;
		};
/* End PBXSourcesBuildPhase section */

/* Begin PBXVariantGroup section */
		D54385261F0E8011003F8AB4 /* Main.storyboard */ = {
			isa = PBXVariantGroup;
			children = (
				D54385271F0E8011003F8AB4 /* Base */,
			);
			name = Main.storyboard;
			sourceTree = "<group>";
		};
		D543852B1F0E8011003F8AB4 /* LaunchScreen.storyboard */ = {
			isa = PBXVariantGroup;
			children = (
				D543852C1F0E8011003F8AB4 /* Base */,
			);
			name = LaunchScreen.storyboard;
			sourceTree = "<group>";
		};
/* End PBXVariantGroup section */

/* Begin XCBuildConfiguration section */
		D543852F1F0E8011003F8AB4 /* Debug */ = {
			isa = XCBuildConfiguration;
			buildSettings = {
				ALWAYS_SEARCH_USER_PATHS = NO;
				CLANG_ANALYZER_NONNULL = YES;
				CLANG_ANALYZER_NUMBER_OBJECT_CONVERSION = YES_AGGRESSIVE;
				CLANG_CXX_LANGUAGE_STANDARD = "gnu++0x";
				CLANG_CXX_LIBRARY = "libc++";
				CLANG_ENABLE_MODULES = YES;
				CLANG_ENABLE_OBJC_ARC = YES;
				CLANG_WARN_BOOL_CONVERSION = YES;
				CLANG_WARN_CONSTANT_CONVERSION = YES;
				CLANG_WARN_DIRECT_OBJC_ISA_USAGE = YES_ERROR;
				CLANG_WARN_DOCUMENTATION_COMMENTS = YES;
				CLANG_WARN_EMPTY_BODY = YES;
				CLANG_WARN_ENUM_CONVERSION = YES;
				CLANG_WARN_INFINITE_RECURSION = YES;
				CLANG_WARN_INT_CONVERSION = YES;
				CLANG_WARN_OBJC_ROOT_CLASS = YES_ERROR;
				CLANG_WARN_SUSPICIOUS_MOVE = YES;
				CLANG_WARN_UNREACHABLE_CODE = YES;
				CLANG_WARN__DUPLICATE_METHOD_MATCH = YES;
				"CODE_SIGN_IDENTITY[sdk=iphoneos*]" = "iPhone Developer";
				COPY_PHASE_STRIP = NO;
				DEBUG_INFORMATION_FORMAT = dwarf;
				ENABLE_STRICT_OBJC_MSGSEND = YES;
				ENABLE_TESTABILITY = YES;
				GCC_C_LANGUAGE_STANDARD = gnu99;
				GCC_DYNAMIC_NO_PIC = NO;
				GCC_NO_COMMON_BLOCKS = YES;
				GCC_OPTIMIZATION_LEVEL = 0;
				GCC_PREPROCESSOR_DEFINITIONS = (
					"DEBUG=1",
					"$(inherited)",
				);
				GCC_WARN_64_TO_32_BIT_CONVERSION = YES;
				GCC_WARN_ABOUT_RETURN_TYPE = YES_ERROR;
				GCC_WARN_UNDECLARED_SELECTOR = YES;
				GCC_WARN_UNINITIALIZED_AUTOS = YES_AGGRESSIVE;
				GCC_WARN_UNUSED_FUNCTION = YES;
				GCC_WARN_UNUSED_VARIABLE = YES;
				IPHONEOS_DEPLOYMENT_TARGET = 10.3;
				MTL_ENABLE_DEBUG_INFO = YES;
				ONLY_ACTIVE_ARCH = YES;
				SDKROOT = iphoneos;
				SWIFT_ACTIVE_COMPILATION_CONDITIONS = DEBUG;
				SWIFT_OPTIMIZATION_LEVEL = "-Onone";
				TARGETED_DEVICE_FAMILY = "1,2";
			};
			name = Debug;
		};
		D54385301F0E8011003F8AB4 /* Release */ = {
			isa = XCBuildConfiguration;
			buildSettings = {
				ALWAYS_SEARCH_USER_PATHS = NO;
				CLANG_ANALYZER_NONNULL = YES;
				CLANG_ANALYZER_NUMBER_OBJECT_CONVERSION = YES_AGGRESSIVE;
				CLANG_CXX_LANGUAGE_STANDARD = "gnu++0x";
				CLANG_CXX_LIBRARY = "libc++";
				CLANG_ENABLE_MODULES = YES;
				CLANG_ENABLE_OBJC_ARC = YES;
				CLANG_WARN_BOOL_CONVERSION = YES;
				CLANG_WARN_CONSTANT_CONVERSION = YES;
				CLANG_WARN_DIRECT_OBJC_ISA_USAGE = YES_ERROR;
				CLANG_WARN_DOCUMENTATION_COMMENTS = YES;
				CLANG_WARN_EMPTY_BODY = YES;
				CLANG_WARN_ENUM_CONVERSION = YES;
				CLANG_WARN_INFINITE_RECURSION = YES;
				CLANG_WARN_INT_CONVERSION = YES;
				CLANG_WARN_OBJC_ROOT_CLASS = YES_ERROR;
				CLANG_WARN_SUSPICIOUS_MOVE = YES;
				CLANG_WARN_UNREACHABLE_CODE = YES;
				CLANG_WARN__DUPLICATE_METHOD_MATCH = YES;
				"CODE_SIGN_IDENTITY[sdk=iphoneos*]" = "iPhone Developer";
				COPY_PHASE_STRIP = NO;
				DEBUG_INFORMATION_FORMAT = "dwarf-with-dsym";
				ENABLE_NS_ASSERTIONS = NO;
				ENABLE_STRICT_OBJC_MSGSEND = YES;
				GCC_C_LANGUAGE_STANDARD = gnu99;
				GCC_NO_COMMON_BLOCKS = YES;
				GCC_WARN_64_TO_32_BIT_CONVERSION = YES;
				GCC_WARN_ABOUT_RETURN_TYPE = YES_ERROR;
				GCC_WARN_UNDECLARED_SELECTOR = YES;
				GCC_WARN_UNINITIALIZED_AUTOS = YES_AGGRESSIVE;
				GCC_WARN_UNUSED_FUNCTION = YES;
				GCC_WARN_UNUSED_VARIABLE = YES;
				IPHONEOS_DEPLOYMENT_TARGET = 10.3;
				MTL_ENABLE_DEBUG_INFO = NO;
				SDKROOT = iphoneos;
				SWIFT_OPTIMIZATION_LEVEL = "-Owholemodule";
				TARGETED_DEVICE_FAMILY = "1,2";
				VALIDATE_PRODUCT = YES;
			};
			name = Release;
		};
		D54385321F0E8011003F8AB4 /* Debug */ = {
			isa = XCBuildConfiguration;
			buildSettings = {
				ASSETCATALOG_COMPILER_APPICON_NAME = AppIcon;
				DEVELOPMENT_TEAM = FM9FX3E9L3;
				INFOPLIST_FILE = "Location Feeder/Info.plist";
				LD_RUNPATH_SEARCH_PATHS = "$(inherited) @executable_path/Frameworks";
				PRODUCT_BUNDLE_IDENTIFIER = "BeatonTech.Location-Feeder";
				PRODUCT_NAME = "$(TARGET_NAME)";
				SWIFT_VERSION = 3.0;
			};
			name = Debug;
		};
		D54385331F0E8011003F8AB4 /* Release */ = {
			isa = XCBuildConfiguration;
			buildSettings = {
				ASSETCATALOG_COMPILER_APPICON_NAME = AppIcon;
				DEVELOPMENT_TEAM = FM9FX3E9L3;
				INFOPLIST_FILE = "Location Feeder/Info.plist";
				LD_RUNPATH_SEARCH_PATHS = "$(inherited) @executable_path/Frameworks";
				PRODUCT_BUNDLE_IDENTIFIER = "BeatonTech.Location-Feeder";
				PRODUCT_NAME = "$(TARGET_NAME)";
				SWIFT_VERSION = 3.0;
			};
			name = Release;
		};
/* End XCBuildConfiguration section */

/* Begin XCConfigurationList section */
		D543851A1F0E8011003F8AB4 /* Build configuration list for PBXProject "Location Feeder" */ = {
			isa = XCConfigurationList;
			buildConfigurations = (
				D543852F1F0E8011003F8AB4 /* Debug */,
				D54385301F0E8011003F8AB4 /* Release */,
			);
			defaultConfigurationIsVisible = 0;
			defaultConfigurationName = Release;
		};
		D54385311F0E8011003F8AB4 /* Build configuration list for PBXNativeTarget "Location Feeder" */ = {
			isa = XCConfigurationList;
			buildConfigurations = (
				D54385321F0E8011003F8AB4 /* Debug */,
				D54385331F0E8011003F8AB4 /* Release */,
			);
			defaultConfigurationIsVisible = 0;
		};
/* End XCConfigurationList section */
	};
	rootObject = D54385171F0E8011003F8AB4 /* Project object */;
}
